schema: '2.0'
stages:
  data_injection:
    cmd: python src/data/data_injection.py
    deps:
    - path: src/data/data_injection.py
      hash: md5
      md5: a8bda656f33025cfd76c99cb069417d7
      size: 4315
    params:
      params.yaml:
        data_injection.test_size: 0.2
    outs:
    - path: data/raw
      hash: md5
      md5: b855e2bab4e21078d44844fee5be9da3.dir
      size: 6882906
      nfiles: 2
  data_preprocessing:
    cmd: python src/data/data_preprocessing.py
    deps:
    - path: data/raw/test.csv
      hash: md5
      md5: 295b88d81555e67a857db0337244e118
      size: 1341252
    - path: data/raw/train.csv
      hash: md5
      md5: 70faef66e6135c49f7f02db4a55e9fdd
      size: 5541654
    - path: src/data/data_preprocessing.py
      hash: md5
      md5: d7360ce79476219824fab74eabdee0c4
      size: 4778
    outs:
    - path: data/interim
      hash: md5
      md5: a2bbccdc23dd271231099f8d5c99ff87.dir
      size: 5098055
      nfiles: 2
  feature_engineering:
    cmd: python src/features/feature_engineering.py
    deps:
    - path: data/interim/test_processed.csv
      hash: md5
      md5: 5b260b8114240fb9c541c0d07b150b14
      size: 993166
    - path: data/interim/train_processed.csv
      hash: md5
      md5: 86284f4698366b0f2ee05c211c0e9453
      size: 4104889
    - path: src/features/feature_engineering.py
      hash: md5
      md5: f452278bd8e8a8dbfe98af69931a9eab
      size: 4418
    params:
      params.yaml:
        feature_engineering.max_features: 10000
        feature_engineering.ngram_range:
        - 1
        - 3
    outs:
    - path: data/processed/x_train_tfidf.pkl
      hash: md5
      md5: c19170f67e79f1e244157cfd6edd4379
      size: 6105947
  model_building:
    cmd: python src/model/model_building.py
    deps:
    - path: src/model/model_building.py
      hash: md5
      md5: f47794c9295b470f005fa66327f53b3b
      size: 4258
    - path: tfidf_vectorizer.pkl
      hash: md5
      md5: 6e1d9dc542ffd0b21bc295a3adb1654b
      size: 384115
    params:
      params.yaml:
        model_building.learning_rate: 0.08
        model_building.max_depth: 20
        model_building.n_estimators: 367
    outs:
    - path: lgbm_model.pkl
      hash: md5
      md5: 9120107824ef5285b7a770e15ac4da1d
      size: 4106916
  model_evaluation:
    cmd: python src/model/model_evaluation.py
    deps:
    - path: data/interim/test_processed.csv
      hash: md5
      md5: 5b260b8114240fb9c541c0d07b150b14
      size: 993166
    - path: data/interim/train_processed.csv
      hash: md5
      md5: 86284f4698366b0f2ee05c211c0e9453
      size: 4104889
    - path: lgbm_model.pkl
      hash: md5
      md5: 9120107824ef5285b7a770e15ac4da1d
      size: 4106916
    - path: tfidf_vectorizer.pkl
      hash: md5
      md5: 6e1d9dc542ffd0b21bc295a3adb1654b
      size: 384115
    outs:
    - path: experiment_info.json
      hash: md5
      md5: 9d4b05b0e0ae6e2f301de8a5a3dced20
      size: 84
  register_model:
    cmd: python src/model/register_model.py
    deps:
    - path: experiment_info.json
      hash: md5
      md5: 9d4b05b0e0ae6e2f301de8a5a3dced20
      size: 84
    - path: src/model/register_model.py
      hash: md5
      md5: 2f56c2f02366704d9b1e6df6ad47f198
      size: 2376
