schema: '2.0'
stages:
  data_injection:
    cmd: python src/data/data_injection.py
    deps:
    - path: src/data/data_injection.py
      hash: md5
      md5: 960970dc51d477368cc579bda825612a
      size: 4459
    params:
      params.yaml:
        data_injection.test_size: 0.25
    outs:
    - path: data/raw
      hash: md5
      md5: 49d68ac9e22c6088d4afd89da38f5c38.dir
      size: 6919701
      nfiles: 2
  data_preprocessing:
    cmd: python src/data/data_preprocessing.py
    deps:
    - path: data/raw/test.csv
      hash: md5
      md5: 2e81d6eb492d93987768f731e904781c
      size: 1680931
    - path: data/raw/train.csv
      hash: md5
      md5: 18b3faba324bc010ea34ff2d9244645f
      size: 5238770
    - path: src/data/data_preprocessing.py
      hash: md5
      md5: 1dbb530e36ce1dd4bf82e6bcd886fa12
      size: 4921
    outs:
    - path: data/interim
      hash: md5
      md5: 056a565b1ab539e7c535709c3d4b5e92.dir
      size: 5134850
      nfiles: 2
  feature_engineering:
    cmd: python src/features/feature_engineering.py
    deps:
    - path: data/interim/test_processed.csv
      hash: md5
      md5: 20e0d1f7475c3f6ff20400efbc8c4774
      size: 1248568
    - path: data/interim/train_processed.csv
      hash: md5
      md5: b5a818f46d32f38de3b86a761aa39e1e
      size: 3886282
    - path: src/features/feature_engineering.py
      hash: md5
      md5: 1125a19bb3343c0632f39bfdd434e142
      size: 4557
    params:
      params.yaml:
        feature_engineering.max_features: 10000
        feature_engineering.ngram_range:
        - 1
        - 3
    outs:
    - path: data\processed\x_train_tfidf.pkl
      hash: md5
      md5: 7192ac914ba0c98b843c4e0997a37d6e
      size: 5732687
  model_building:
    cmd: python src/model/model_building.py
    deps:
    - path: src/model/model_building.py
      hash: md5
      md5: 87cd4297e062d83b7fffb1aeb9341384
      size: 4384
    - path: tfidf_vectorizer.pkl
      hash: md5
      md5: 63f4fcecd743013d95940d447fca4f30
      size: 384000
    params:
      params.yaml:
        model_building.learning_rate: 0.08
        model_building.max_depth: 20
        model_building.n_estimators: 367
    outs:
    - path: lgbm_model.pkl
      hash: md5
      md5: c0efe0835d241aabd1c7925556b0706d
      size: 4102300
  model_evaluation:
    cmd: python src/model/model_evaluation.py
    deps:
    - path: data/interim/test_processed.csv
      hash: md5
      md5: 20e0d1f7475c3f6ff20400efbc8c4774
      size: 1248568
    - path: data/interim/train_processed.csv
      hash: md5
      md5: b5a818f46d32f38de3b86a761aa39e1e
      size: 3886282
    - path: lgbm_model.pkl
      hash: md5
      md5: c0efe0835d241aabd1c7925556b0706d
      size: 4102300
    - path: tfidf_vectorizer.pkl
      hash: md5
      md5: 63f4fcecd743013d95940d447fca4f30
      size: 384000
    outs:
    - path: experiment_info.json
      hash: md5
      md5: 08730a7d4e34dfad930821e31c4a953f
      size: 87
  register_model:
    cmd: python src\model\register_model.py
    deps:
    - path: experiment_info.json
      hash: md5
      md5: 08730a7d4e34dfad930821e31c4a953f
      size: 87
    - path: src/model/register_model.py
      hash: md5
      md5: 07816d93820df4866f11f5e5ce0f2d29
      size: 2458
