schema: '2.0'
stages:
  data_injection:
    cmd: python src/data/data_injection.py
    deps:
    - path: src/data/data_injection.py
      hash: md5
      md5: 88a0ceac77c1053a7d273e5714c11740
      size: 4462
    params:
      params.yaml:
        data_injection.test_size: 0.2
    outs:
    - path: data/raw
      hash: md5
      md5: e13bcce40396cd334c8a7a334868166a.dir
      size: 6919701
      nfiles: 2
  data_preprocessing:
    cmd: python src/data/data_preprocessing.py
    deps:
    - path: data/raw/test.csv
      hash: md5
      md5: ea97ba82a4a25627bf4ffb52572484ea
      size: 1348612
    - path: data/raw/train.csv
      hash: md5
      md5: 1bd422dd6d135bced1d6c64a3e84a45d
      size: 5571089
    - path: src/data/data_preprocessing.py
      hash: md5
      md5: a0ccb4ae9de069673daf12bfdd9aec41
      size: 3966
    outs:
    - path: data/interim
      hash: md5
      md5: ba42408e7bd1e85685474d6a349ae57e.dir
      size: 5134850
      nfiles: 2
  feature_engineering:
    cmd: python src/features/feature_engineering.py
    deps:
    - path: data/interim/test_processed.csv
      hash: md5
      md5: 4f30375397ec89fead1745ee6d70f201
      size: 1000526
    - path: data/interim/train_processed.csv
      hash: md5
      md5: 35027dfda8274bd9356544f2ff358aa4
      size: 4134324
    - path: src/features/feature_engineering.py
      hash: md5
      md5: 1125a19bb3343c0632f39bfdd434e142
      size: 4557
    params:
      params.yaml:
        feature_engineering.max_features: 10000
        feature_engineering.ngram_range:
        - 1
        - 3
    outs:
    - path: tfidf_vectorizer.pkl
      hash: md5
      md5: 4f85b067fbab84368c344d4e1ecdbecb
      size: 18666949
  model_building:
    cmd: python src/model/model_building.py
    deps:
    - path: src/model/model_building.py
      hash: md5
      md5: 87cd4297e062d83b7fffb1aeb9341384
      size: 4384
    - path: tfidf_vectorizer.pkl
      hash: md5
      md5: 4f85b067fbab84368c344d4e1ecdbecb
      size: 18666949
    params:
      params.yaml:
        model_building.learning_rate: 0.08
        model_building.max_depth: 20
        model_building.n_estimators: 367
    outs:
    - path: lgbm_model.pkl
      hash: md5
      md5: c5347caa170d4f9cce428892b0e0f042
      size: 4101076
  model_evaluation:
    cmd: python src/model/model_evaluation.py
    deps:
    - path: data/interim/test_processed.csv
      hash: md5
      md5: 4f30375397ec89fead1745ee6d70f201
      size: 1000526
    - path: data/interim/train_processed.csv
      hash: md5
      md5: 35027dfda8274bd9356544f2ff358aa4
      size: 4134324
    - path: model/lightgbm_model.pkl
      hash: md5
      md5: c5347caa170d4f9cce428892b0e0f042
      size: 4101076
    - path: tfidf_vectorizer.pkl
      hash: md5
      md5: 4f85b067fbab84368c344d4e1ecdbecb
      size: 18666949
